
Microsoft Visual Studio Solution File, Format Version 12.00
# Visual Studio Version 17
VisualStudioVersion = 17.14.37012.4 d17.14
MinimumVisualStudioVersion = 10.0.40219.1
Project("{FAE04EC0-301F-11D3-BF4B-00C04F79EFBC}") = "Exercise_1_Read Active Presentation Info", "ExampleVSTO\Exercise_1_Read Active Presentation Info.csproj", "{36BF4F15-90E0-47CD-A74B-1E68D62EDE60}"
EndProject
Project("{FAE04EC0-301F-11D3-BF4B-00C04F79EFBC}") = "Exercise_2_Add a Rectangle to Current Slide", "Exercise_2_Add a Rectangle to Current Slide\Exercise_2_Add a Rectangle to Current Slide.csproj", "{D7CF42DF-C2A6-4E7D-B06B-0938A4920DF7}"
EndProject
Global
	GlobalSection(SolutionConfigurationPlatforms) = preSolution
		Debug|Any CPU = Debug|Any CPU
		Release|Any CPU = Release|Any CPU
	EndGlobalSection
	GlobalSection(ProjectConfigurationPlatforms) = postSolution
		{36BF4F15-90E0-47CD-A74B-1E68D62EDE60}.Debug|Any CPU.ActiveCfg = Debug|Any CPU
		{36BF4F15-90E0-47CD-A74B-1E68D62EDE60}.Debug|Any CPU.Build.0 = Debug|Any CPU
		{36BF4F15-90E0-47CD-A74B-1E68D62EDE60}.Release|Any CPU.ActiveCfg = Release|Any CPU
		{36BF4F15-90E0-47CD-A74B-1E68D62EDE60}.Release|Any CPU.Build.0 = Release|Any CPU
		{D7CF42DF-C2A6-4E7D-B06B-0938A4920DF7}.Debug|Any CPU.ActiveCfg = Debug|Any CPU
		{D7CF42DF-C2A6-4E7D-B06B-0938A4920DF7}.Debug|Any CPU.Build.0 = Debug|Any CPU
		{D7CF42DF-C2A6-4E7D-B06B-0938A4920DF7}.Release|Any CPU.ActiveCfg = Release|Any CPU
		{D7CF42DF-C2A6-4E7D-B06B-0938A4920DF7}.Release|Any CPU.Build.0 = Release|Any CPU
	EndGlobalSection
	GlobalSection(SolutionProperties) = preSolution
		HideSolutionNode = FALSE
	EndGlobalSection
	GlobalSection(ExtensibilityGlobals) = postSolution
		SolutionGuid = {6B2D6EAE-91DD-4CBB-8FC3-80F2B2065C06}
	EndGlobalSection
EndGlobal
